
Microsoft Visual Studio Solution File, Format Version 12.00
# Visual Studio Version 16
VisualStudioVersion = 16.0.30204.135
MinimumVisualStudioVersion = 10.0.40219.1
Project("{8BC9CEB8-8B4A-11D0-8D11-00A0C91BC942}") = "DS 09", "DS 09\DS 09.vcxproj", "{5C67E2E9-C33E-41BA-A7E8-66F0FA472D27}"
EndProject
Project("{8BC9CEB8-8B4A-11D0-8D11-00A0C91BC942}") = "02", "02\02.vcxproj", "{0A31BBAB-7765-4F33-9D16-5252CF944F5B}"
EndProject
Global
	GlobalSection(SolutionConfigurationPlatforms) = preSolution
		Debug|x64 = Debug|x64
		Debug|x86 = Debug|x86
		Release|x64 = Release|x64
		Release|x86 = Release|x86
	EndGlobalSection
	GlobalSection(ProjectConfigurationPlatforms) = postSolution
		{5C67E2E9-C33E-41BA-A7E8-66F0FA472D27}.Debug|x64.ActiveCfg = Debug|x64
		{5C67E2E9-C33E-41BA-A7E8-66F0FA472D27}.Debug|x64.Build.0 = Debug|x64
		{5C67E2E9-C33E-41BA-A7E8-66F0FA472D27}.Debug|x86.ActiveCfg = Debug|Win32
		{5C67E2E9-C33E-41BA-A7E8-66F0FA472D27}.Debug|x86.Build.0 = Debug|Win32
		{5C67E2E9-C33E-41BA-A7E8-66F0FA472D27}.Release|x64.ActiveCfg = Release|x64
		{5C67E2E9-C33E-41BA-A7E8-66F0FA472D27}.Release|x64.Build.0 = Release|x64
		{5C67E2E9-C33E-41BA-A7E8-66F0FA472D27}.Release|x86.ActiveCfg = Release|Win32
		{5C67E2E9-C33E-41BA-A7E8-66F0FA472D27}.Release|x86.Build.0 = Release|Win32
		{0A31BBAB-7765-4F33-9D16-5252CF944F5B}.Debug|x64.ActiveCfg = Debug|x64
		{0A31BBAB-7765-4F33-9D16-5252CF944F5B}.Debug|x64.Build.0 = Debug|x64
		{0A31BBAB-7765-4F33-9D16-5252CF944F5B}.Debug|x86.ActiveCfg = Debug|Win32
		{0A31BBAB-7765-4F33-9D16-5252CF944F5B}.Debug|x86.Build.0 = Debug|Win32
		{0A31BBAB-7765-4F33-9D16-5252CF944F5B}.Release|x64.ActiveCfg = Release|x64
		{0A31BBAB-7765-4F33-9D16-5252CF944F5B}.Release|x64.Build.0 = Release|x64
		{0A31BBAB-7765-4F33-9D16-5252CF944F5B}.Release|x86.ActiveCfg = Release|Win32
		{0A31BBAB-7765-4F33-9D16-5252CF944F5B}.Release|x86.Build.0 = Release|Win32
	EndGlobalSection
	GlobalSection(SolutionProperties) = preSolution
		HideSolutionNode = FALSE
	EndGlobalSection
	GlobalSection(ExtensibilityGlobals) = postSolution
		SolutionGuid = {C420D075-3730-4801-AB7F-438D4FF875E0}
	EndGlobalSection
EndGlobal
