
Microsoft Visual Studio Solution File, Format Version 12.00
# Visual Studio Version 16
VisualStudioVersion = 16.0.30204.135
MinimumVisualStudioVersion = 10.0.40219.1
Project("{8BC9CEB8-8B4A-11D0-8D11-00A0C91BC942}") = "1-1", "Project2.vcxproj", "{6EBAE46C-2006-4D3A-BFB6-89C2C5D33E54}"
EndProject
Project("{8BC9CEB8-8B4A-11D0-8D11-00A0C91BC942}") = "1-2", "..\1-2\1-2.vcxproj", "{CC67F75C-E742-4FBE-B0B6-4EB45B9306FC}"
EndProject
Project("{8BC9CEB8-8B4A-11D0-8D11-00A0C91BC942}") = "1-3", "..\1-3\1-3.vcxproj", "{1BFB36B4-3D3C-4F2C-9B22-9BF49EBBCE5E}"
EndProject
Project("{8BC9CEB8-8B4A-11D0-8D11-00A0C91BC942}") = "002", "..\002\002.vcxproj", "{5D99211C-5B63-4EBA-B4CB-506BA58728FF}"
EndProject
Project("{8BC9CEB8-8B4A-11D0-8D11-00A0C91BC942}") = "03", "..\03\03.vcxproj", "{FBBAFC27-4FB5-42B5-9983-180F9D8987E6}"
EndProject
Project("{8BC9CEB8-8B4A-11D0-8D11-00A0C91BC942}") = "04", "..\04\04.vcxproj", "{C5972697-3B6A-4D7C-8307-BDA8FDFD9547}"
EndProject
Project("{8BC9CEB8-8B4A-11D0-8D11-00A0C91BC942}") = "05", "..\05\05.vcxproj", "{1805894A-EAA0-44CD-8347-1F53CDF6B2EC}"
EndProject
Project("{8BC9CEB8-8B4A-11D0-8D11-00A0C91BC942}") = "06-1", "..\06\06.vcxproj", "{3BCE0305-E057-46B8-A0E8-15F2E6D41347}"
EndProject
Project("{8BC9CEB8-8B4A-11D0-8D11-00A0C91BC942}") = "06-2", "..\06-2\06-2.vcxproj", "{F3E44C2C-443C-4689-AD55-2526BD298453}"
EndProject
Project("{8BC9CEB8-8B4A-11D0-8D11-00A0C91BC942}") = "7", "..\7\7.vcxproj", "{00969FF8-C5BA-4AA0-9C26-08B880E9B549}"
EndProject
Global
	GlobalSection(SolutionConfigurationPlatforms) = preSolution
		Debug|x64 = Debug|x64
		Debug|x86 = Debug|x86
		Release|x64 = Release|x64
		Release|x86 = Release|x86
	EndGlobalSection
	GlobalSection(ProjectConfigurationPlatforms) = postSolution
		{6EBAE46C-2006-4D3A-BFB6-89C2C5D33E54}.Debug|x64.ActiveCfg = Debug|x64
		{6EBAE46C-2006-4D3A-BFB6-89C2C5D33E54}.Debug|x64.Build.0 = Debug|x64
		{6EBAE46C-2006-4D3A-BFB6-89C2C5D33E54}.Debug|x86.ActiveCfg = Debug|Win32
		{6EBAE46C-2006-4D3A-BFB6-89C2C5D33E54}.Debug|x86.Build.0 = Debug|Win32
		{6EBAE46C-2006-4D3A-BFB6-89C2C5D33E54}.Release|x64.ActiveCfg = Release|x64
		{6EBAE46C-2006-4D3A-BFB6-89C2C5D33E54}.Release|x64.Build.0 = Release|x64
		{6EBAE46C-2006-4D3A-BFB6-89C2C5D33E54}.Release|x86.ActiveCfg = Release|Win32
		{6EBAE46C-2006-4D3A-BFB6-89C2C5D33E54}.Release|x86.Build.0 = Release|Win32
		{CC67F75C-E742-4FBE-B0B6-4EB45B9306FC}.Debug|x64.ActiveCfg = Debug|x64
		{CC67F75C-E742-4FBE-B0B6-4EB45B9306FC}.Debug|x64.Build.0 = Debug|x64
		{CC67F75C-E742-4FBE-B0B6-4EB45B9306FC}.Debug|x86.ActiveCfg = Debug|Win32
		{CC67F75C-E742-4FBE-B0B6-4EB45B9306FC}.Debug|x86.Build.0 = Debug|Win32
		{CC67F75C-E742-4FBE-B0B6-4EB45B9306FC}.Release|x64.ActiveCfg = Release|x64
		{CC67F75C-E742-4FBE-B0B6-4EB45B9306FC}.Release|x64.Build.0 = Release|x64
		{CC67F75C-E742-4FBE-B0B6-4EB45B9306FC}.Release|x86.ActiveCfg = Release|Win32
		{CC67F75C-E742-4FBE-B0B6-4EB45B9306FC}.Release|x86.Build.0 = Release|Win32
		{1BFB36B4-3D3C-4F2C-9B22-9BF49EBBCE5E}.Debug|x64.ActiveCfg = Debug|x64
		{1BFB36B4-3D3C-4F2C-9B22-9BF49EBBCE5E}.Debug|x64.Build.0 = Debug|x64
		{1BFB36B4-3D3C-4F2C-9B22-9BF49EBBCE5E}.Debug|x86.ActiveCfg = Debug|Win32
		{1BFB36B4-3D3C-4F2C-9B22-9BF49EBBCE5E}.Debug|x86.Build.0 = Debug|Win32
		{1BFB36B4-3D3C-4F2C-9B22-9BF49EBBCE5E}.Release|x64.ActiveCfg = Release|x64
		{1BFB36B4-3D3C-4F2C-9B22-9BF49EBBCE5E}.Release|x64.Build.0 = Release|x64
		{1BFB36B4-3D3C-4F2C-9B22-9BF49EBBCE5E}.Release|x86.ActiveCfg = Release|Win32
		{1BFB36B4-3D3C-4F2C-9B22-9BF49EBBCE5E}.Release|x86.Build.0 = Release|Win32
		{5D99211C-5B63-4EBA-B4CB-506BA58728FF}.Debug|x64.ActiveCfg = Debug|x64
		{5D99211C-5B63-4EBA-B4CB-506BA58728FF}.Debug|x64.Build.0 = Debug|x64
		{5D99211C-5B63-4EBA-B4CB-506BA58728FF}.Debug|x86.ActiveCfg = Debug|Win32
		{5D99211C-5B63-4EBA-B4CB-506BA58728FF}.Debug|x86.Build.0 = Debug|Win32
		{5D99211C-5B63-4EBA-B4CB-506BA58728FF}.Release|x64.ActiveCfg = Release|x64
		{5D99211C-5B63-4EBA-B4CB-506BA58728FF}.Release|x64.Build.0 = Release|x64
		{5D99211C-5B63-4EBA-B4CB-506BA58728FF}.Release|x86.ActiveCfg = Release|Win32
		{5D99211C-5B63-4EBA-B4CB-506BA58728FF}.Release|x86.Build.0 = Release|Win32
		{FBBAFC27-4FB5-42B5-9983-180F9D8987E6}.Debug|x64.ActiveCfg = Debug|x64
		{FBBAFC27-4FB5-42B5-9983-180F9D8987E6}.Debug|x64.Build.0 = Debug|x64
		{FBBAFC27-4FB5-42B5-9983-180F9D8987E6}.Debug|x86.ActiveCfg = Debug|Win32
		{FBBAFC27-4FB5-42B5-9983-180F9D8987E6}.Debug|x86.Build.0 = Debug|Win32
		{FBBAFC27-4FB5-42B5-9983-180F9D8987E6}.Release|x64.ActiveCfg = Release|x64
		{FBBAFC27-4FB5-42B5-9983-180F9D8987E6}.Release|x64.Build.0 = Release|x64
		{FBBAFC27-4FB5-42B5-9983-180F9D8987E6}.Release|x86.ActiveCfg = Release|Win32
		{FBBAFC27-4FB5-42B5-9983-180F9D8987E6}.Release|x86.Build.0 = Release|Win32
		{C5972697-3B6A-4D7C-8307-BDA8FDFD9547}.Debug|x64.ActiveCfg = Debug|x64
		{C5972697-3B6A-4D7C-8307-BDA8FDFD9547}.Debug|x64.Build.0 = Debug|x64
		{C5972697-3B6A-4D7C-8307-BDA8FDFD9547}.Debug|x86.ActiveCfg = Debug|Win32
		{C5972697-3B6A-4D7C-8307-BDA8FDFD9547}.Debug|x86.Build.0 = Debug|Win32
		{C5972697-3B6A-4D7C-8307-BDA8FDFD9547}.Release|x64.ActiveCfg = Release|x64
		{C5972697-3B6A-4D7C-8307-BDA8FDFD9547}.Release|x64.Build.0 = Release|x64
		{C5972697-3B6A-4D7C-8307-BDA8FDFD9547}.Release|x86.ActiveCfg = Release|Win32
		{C5972697-3B6A-4D7C-8307-BDA8FDFD9547}.Release|x86.Build.0 = Release|Win32
		{1805894A-EAA0-44CD-8347-1F53CDF6B2EC}.Debug|x64.ActiveCfg = Debug|x64
		{1805894A-EAA0-44CD-8347-1F53CDF6B2EC}.Debug|x64.Build.0 = Debug|x64
		{1805894A-EAA0-44CD-8347-1F53CDF6B2EC}.Debug|x86.ActiveCfg = Debug|Win32
		{1805894A-EAA0-44CD-8347-1F53CDF6B2EC}.Debug|x86.Build.0 = Debug|Win32
		{1805894A-EAA0-44CD-8347-1F53CDF6B2EC}.Release|x64.ActiveCfg = Release|x64
		{1805894A-EAA0-44CD-8347-1F53CDF6B2EC}.Release|x64.Build.0 = Release|x64
		{1805894A-EAA0-44CD-8347-1F53CDF6B2EC}.Release|x86.ActiveCfg = Release|Win32
		{1805894A-EAA0-44CD-8347-1F53CDF6B2EC}.Release|x86.Build.0 = Release|Win32
		{3BCE0305-E057-46B8-A0E8-15F2E6D41347}.Debug|x64.ActiveCfg = Debug|x64
		{3BCE0305-E057-46B8-A0E8-15F2E6D41347}.Debug|x64.Build.0 = Debug|x64
		{3BCE0305-E057-46B8-A0E8-15F2E6D41347}.Debug|x86.ActiveCfg = Debug|Win32
		{3BCE0305-E057-46B8-A0E8-15F2E6D41347}.Debug|x86.Build.0 = Debug|Win32
		{3BCE0305-E057-46B8-A0E8-15F2E6D41347}.Release|x64.ActiveCfg = Release|x64
		{3BCE0305-E057-46B8-A0E8-15F2E6D41347}.Release|x64.Build.0 = Release|x64
		{3BCE0305-E057-46B8-A0E8-15F2E6D41347}.Release|x86.ActiveCfg = Release|Win32
		{3BCE0305-E057-46B8-A0E8-15F2E6D41347}.Release|x86.Build.0 = Release|Win32
		{F3E44C2C-443C-4689-AD55-2526BD298453}.Debug|x64.ActiveCfg = Debug|x64
		{F3E44C2C-443C-4689-AD55-2526BD298453}.Debug|x64.Build.0 = Debug|x64
		{F3E44C2C-443C-4689-AD55-2526BD298453}.Debug|x86.ActiveCfg = Debug|Win32
		{F3E44C2C-443C-4689-AD55-2526BD298453}.Debug|x86.Build.0 = Debug|Win32
		{F3E44C2C-443C-4689-AD55-2526BD298453}.Release|x64.ActiveCfg = Release|x64
		{F3E44C2C-443C-4689-AD55-2526BD298453}.Release|x64.Build.0 = Release|x64
		{F3E44C2C-443C-4689-AD55-2526BD298453}.Release|x86.ActiveCfg = Release|Win32
		{F3E44C2C-443C-4689-AD55-2526BD298453}.Release|x86.Build.0 = Release|Win32
		{00969FF8-C5BA-4AA0-9C26-08B880E9B549}.Debug|x64.ActiveCfg = Debug|x64
		{00969FF8-C5BA-4AA0-9C26-08B880E9B549}.Debug|x64.Build.0 = Debug|x64
		{00969FF8-C5BA-4AA0-9C26-08B880E9B549}.Debug|x86.ActiveCfg = Debug|Win32
		{00969FF8-C5BA-4AA0-9C26-08B880E9B549}.Debug|x86.Build.0 = Debug|Win32
		{00969FF8-C5BA-4AA0-9C26-08B880E9B549}.Release|x64.ActiveCfg = Release|x64
		{00969FF8-C5BA-4AA0-9C26-08B880E9B549}.Release|x64.Build.0 = Release|x64
		{00969FF8-C5BA-4AA0-9C26-08B880E9B549}.Release|x86.ActiveCfg = Release|Win32
		{00969FF8-C5BA-4AA0-9C26-08B880E9B549}.Release|x86.Build.0 = Release|Win32
	EndGlobalSection
	GlobalSection(SolutionProperties) = preSolution
		HideSolutionNode = FALSE
	EndGlobalSection
	GlobalSection(ExtensibilityGlobals) = postSolution
		SolutionGuid = {B74D8BD0-CC58-49BD-AABA-66A0F97857A0}
	EndGlobalSection
EndGlobal
