
Microsoft Visual Studio Solution File, Format Version 12.00
# Visual Studio Version 16
VisualStudioVersion = 16.0.32228.343
MinimumVisualStudioVersion = 10.0.40219.1
Project("{8BC9CEB8-8B4A-11D0-8D11-00A0C91BC942}") = "DS 14", "DS 14\DS 14.vcxproj", "{D085B809-655E-4EEF-9456-67C3DFA27027}"
EndProject
Project("{8BC9CEB8-8B4A-11D0-8D11-00A0C91BC942}") = "02", "02\02.vcxproj", "{5CE972ED-B233-4AD7-A520-271A772C8A17}"
EndProject
Global
	GlobalSection(SolutionConfigurationPlatforms) = preSolution
		Debug|x64 = Debug|x64
		Debug|x86 = Debug|x86
		Release|x64 = Release|x64
		Release|x86 = Release|x86
	EndGlobalSection
	GlobalSection(ProjectConfigurationPlatforms) = postSolution
		{D085B809-655E-4EEF-9456-67C3DFA27027}.Debug|x64.ActiveCfg = Debug|x64
		{D085B809-655E-4EEF-9456-67C3DFA27027}.Debug|x64.Build.0 = Debug|x64
		{D085B809-655E-4EEF-9456-67C3DFA27027}.Debug|x86.ActiveCfg = Debug|Win32
		{D085B809-655E-4EEF-9456-67C3DFA27027}.Debug|x86.Build.0 = Debug|Win32
		{D085B809-655E-4EEF-9456-67C3DFA27027}.Release|x64.ActiveCfg = Release|x64
		{D085B809-655E-4EEF-9456-67C3DFA27027}.Release|x64.Build.0 = Release|x64
		{D085B809-655E-4EEF-9456-67C3DFA27027}.Release|x86.ActiveCfg = Release|Win32
		{D085B809-655E-4EEF-9456-67C3DFA27027}.Release|x86.Build.0 = Release|Win32
		{5CE972ED-B233-4AD7-A520-271A772C8A17}.Debug|x64.ActiveCfg = Debug|x64
		{5CE972ED-B233-4AD7-A520-271A772C8A17}.Debug|x64.Build.0 = Debug|x64
		{5CE972ED-B233-4AD7-A520-271A772C8A17}.Debug|x86.ActiveCfg = Debug|Win32
		{5CE972ED-B233-4AD7-A520-271A772C8A17}.Debug|x86.Build.0 = Debug|Win32
		{5CE972ED-B233-4AD7-A520-271A772C8A17}.Release|x64.ActiveCfg = Release|x64
		{5CE972ED-B233-4AD7-A520-271A772C8A17}.Release|x64.Build.0 = Release|x64
		{5CE972ED-B233-4AD7-A520-271A772C8A17}.Release|x86.ActiveCfg = Release|Win32
		{5CE972ED-B233-4AD7-A520-271A772C8A17}.Release|x86.Build.0 = Release|Win32
	EndGlobalSection
	GlobalSection(SolutionProperties) = preSolution
		HideSolutionNode = FALSE
	EndGlobalSection
	GlobalSection(ExtensibilityGlobals) = postSolution
		SolutionGuid = {296F8602-E890-4DF2-8227-C1101178C72B}
	EndGlobalSection
EndGlobal
